
Microsoft Visual Studio Solution File, Format Version 12.00
# Visual Studio 2013
VisualStudioVersion = 12.0.30110.0
MinimumVisualStudioVersion = 10.0.40219.1
Project("{FAE04EC0-301F-11D3-BF4B-00C04F79EFBC}") = "erecruit.TsT", "erecruit.TsT.csproj", "{7A72A9D3-68AE-4315-BA87-13663DDAB33C}"
EndProject
Project("{FAE04EC0-301F-11D3-BF4B-00C04F79EFBC}") = "erecruit.TsT.Host", "dotNet\host\erecruit.TsT.Host.csproj", "{1E23ABC1-B233-46B2-A27F-8347ABE67FB7}"
EndProject
Project("{FAE04EC0-301F-11D3-BF4B-00C04F79EFBC}") = "erecruit.TsT.Tests", "dotNet\tests\erecruit.TsT.Tests.csproj", "{2ACDF01A-31D3-4FB5-A592-65F906CC909E}"
EndProject
Project("{FAE04EC0-301F-11D3-BF4B-00C04F79EFBC}") = "erecruit.TsT.VS", "dotNet\vs\erecruit.TsT.VS.csproj", "{934F80F0-5D03-40BC-BEC5-CCB3C48C5C23}"
EndProject
Project("{FAE04EC0-301F-11D3-BF4B-00C04F79EFBC}") = "erecruit.TsT.Console", "dotNet\tstc\erecruit.TsT.Console.csproj", "{3FD63D25-E6B5-4823-995E-8DAAA2972F2B}"
EndProject
Global
	GlobalSection(SolutionConfigurationPlatforms) = preSolution
		Debug|Any CPU = Debug|Any CPU
		Release|Any CPU = Release|Any CPU
	EndGlobalSection
	GlobalSection(ProjectConfigurationPlatforms) = postSolution
		{7A72A9D3-68AE-4315-BA87-13663DDAB33C}.Debug|Any CPU.ActiveCfg = Debug|Any CPU
		{7A72A9D3-68AE-4315-BA87-13663DDAB33C}.Release|Any CPU.ActiveCfg = Release|Any CPU
		{7A72A9D3-68AE-4315-BA87-13663DDAB33C}.Release|Any CPU.Build.0 = Release|Any CPU
		{1E23ABC1-B233-46B2-A27F-8347ABE67FB7}.Debug|Any CPU.ActiveCfg = Debug|Any CPU
		{1E23ABC1-B233-46B2-A27F-8347ABE67FB7}.Debug|Any CPU.Build.0 = Debug|Any CPU
		{1E23ABC1-B233-46B2-A27F-8347ABE67FB7}.Release|Any CPU.ActiveCfg = Release|Any CPU
		{1E23ABC1-B233-46B2-A27F-8347ABE67FB7}.Release|Any CPU.Build.0 = Release|Any CPU
		{2ACDF01A-31D3-4FB5-A592-65F906CC909E}.Debug|Any CPU.ActiveCfg = Debug|Any CPU
		{2ACDF01A-31D3-4FB5-A592-65F906CC909E}.Debug|Any CPU.Build.0 = Debug|Any CPU
		{2ACDF01A-31D3-4FB5-A592-65F906CC909E}.Release|Any CPU.ActiveCfg = Release|Any CPU
		{2ACDF01A-31D3-4FB5-A592-65F906CC909E}.Release|Any CPU.Build.0 = Release|Any CPU
		{934F80F0-5D03-40BC-BEC5-CCB3C48C5C23}.Debug|Any CPU.ActiveCfg = Debug|Any CPU
		{934F80F0-5D03-40BC-BEC5-CCB3C48C5C23}.Debug|Any CPU.Build.0 = Debug|Any CPU
		{934F80F0-5D03-40BC-BEC5-CCB3C48C5C23}.Release|Any CPU.ActiveCfg = Release|Any CPU
		{934F80F0-5D03-40BC-BEC5-CCB3C48C5C23}.Release|Any CPU.Build.0 = Release|Any CPU
		{3FD63D25-E6B5-4823-995E-8DAAA2972F2B}.Debug|Any CPU.ActiveCfg = Debug|Any CPU
		{3FD63D25-E6B5-4823-995E-8DAAA2972F2B}.Debug|Any CPU.Build.0 = Debug|Any CPU
		{3FD63D25-E6B5-4823-995E-8DAAA2972F2B}.Release|Any CPU.ActiveCfg = Release|Any CPU
		{3FD63D25-E6B5-4823-995E-8DAAA2972F2B}.Release|Any CPU.Build.0 = Release|Any CPU
	EndGlobalSection
	GlobalSection(SolutionProperties) = preSolution
		HideSolutionNode = FALSE
	EndGlobalSection
EndGlobal
